dependencies:
- name: redis
  repository: https://charts.bitnami.com/bitnami
  version: 17.3.7
- name: postgresql
  repository: https://charts.bitnami.com/bitnami
  version: 11.9.11
- name: common
  repository: https://charts.bitnami.com/bitnami
  version: 2.0.3
digest: sha256:5a17097d3f4dce350fb27e61da9d2ceae25ae6b5427ff5b8801ba676826581e8
generated: "2022-10-21T19:08:05.2610266-03:00"
