dependencies:
- name: helm-lib
  repository: https://svsartifactory.swinfra.net/artifactory/itom-helm-charts-stable
  version: 1.5.28
- name: itom-ingress-controller
  repository: https://svsartifactory.swinfra.net/artifactory/itom-helm-charts-stable
  version: 1.5.49
- name: nomhttp
  repository: https://svsartifactory.swinfra.net/artifactory/itom-helm-charts-stable
  version: 1.0.55
- name: itom-vault
  repository: https://svsartifactory.swinfra.net/artifactory/itom-helm-charts-stable
  version: 1.6.98
- name: itom-vault-client
  repository: https://svsartifactory.swinfra.net/artifactory/itom-helm-charts-stable
  version: 1.2.8
- name: itom-reloader
  repository: https://svsartifactory.swinfra.net/artifactory/itom-helm-charts-stable
  version: 1.2.32
- name: idm
  repository: https://svsartifactory.swinfra.net/artifactory/itom-helm-charts-stable
  version: 1.6.100
- name: nomcore
  repository: https://svsartifactory.swinfra.net/artifactory/itom-helm-charts-stable
  version: 1.0.68
- name: postgres
  repository: https://svsartifactory.swinfra.net/artifactory/itom-helm-charts-stable
  version: 1.0.94
- name: autopass
  repository: https://svsartifactory.swinfra.net/artifactory/itom-helm-charts-stable
  version: 12.2.06
- name: nomzk
  repository: https://svsartifactory.swinfra.net/artifactory/itom-helm-charts-stable
  version: 1.0.48
- name: nomxui
  repository: https://svsartifactory.swinfra.net/artifactory/itom-helm-charts-stable
  version: 3.4.77
- name: nomapiserver
  repository: https://svsartifactory.swinfra.net/artifactory/itom-helm-charts-stable
  version: 1.1.192
- name: nom-telemetry
  repository: https://svsartifactory.swinfra.net/artifactory/itom-helm-charts-stable
  version: 0.0.37
- name: itomdisharedvertica
  repository: https://svsartifactory.swinfra.net/artifactory/itom-helm-charts-stable
  version: 10.1.1-7-14
- name: itomdiadministration
  repository: https://svsartifactory.swinfra.net/artifactory/itom-helm-charts-stable
  version: 2.5.0-46
- name: itomdidataaccess
  repository: https://svsartifactory.swinfra.net/artifactory/itom-helm-charts-stable
  version: 2.5.0-34
- name: itomdimetadataserver
  repository: https://svsartifactory.swinfra.net/artifactory/itom-helm-charts-stable
  version: 2.5.0-25
- name: itomdipulsar
  repository: https://svsartifactory.swinfra.net/artifactory/itom-helm-charts-stable
  version: 2.8.1-31
- name: itomdipostload
  repository: https://svsartifactory.swinfra.net/artifactory/itom-helm-charts-stable
  version: 2.5.0-50
- name: itom-di-udx-scheduler
  repository: https://svsartifactory.swinfra.net/artifactory/itom-helm-charts-stable
  version: 2.5.0-33
- name: itomdiminio
  repository: https://svsartifactory.swinfra.net/artifactory/itom-helm-charts-stable
  version: 2.5.0-21
- name: itomdimonitoring
  repository: https://svsartifactory.swinfra.net/artifactory/itom-helm-charts-stable
  version: 2.5.0-61
- name: bvd
  repository: https://svsartifactory.swinfra.net/artifactory/itom-helm-charts-stable
  version: 11.8.11
- name: nomreportingcontent
  repository: https://svsartifactory.swinfra.net/artifactory/itom-helm-charts-stable
  version: 1.4.135
- name: itomnomcosodataaccess
  repository: https://svsartifactory.swinfra.net/artifactory/itom-helm-charts-stable
  version: 1.4.46
- name: nommetricstransform
  repository: https://svsartifactory.swinfra.net/artifactory/itom-helm-charts-stable
  version: 1.4.90
digest: sha256:025cea8b5bbb94ebe0619da7406766a8124d8e5d7c1fbd15bb030bb0da2e411d
generated: "2021-11-22T08:33:56.9885728Z"
