dependencies:
- name: common
  repository: https://charts.bitnami.com/bitnami
  version: 1.10.0
- name: minio
  repository: https://charts.bitnami.com/bitnami
  version: 7.3.2
digest: sha256:12f83cf5692c9aac31cab467f0278b81bf1b681d72e999c34151f5c8f7b7d200
generated: "2021-10-13T17:41:30.425656223-03:00"
